github.com/davecgh/go-spew v1.1.1 h1:vj9j/u1bqnvCEfJOwUhtlOARqs3+rkHYY13jYWTU97c=
github.com/davecgh/go-spew v1.1.1/go.mod h1:J7Y8YcW2NihsgmVo/mv3lAwl/skON4iLHjSsI+c5H38=
github.com/golang-module/carbon/v2 v2.4.1 h1:cYUD8T+rHeX+qIybGYpnJ8I90F10dvyEF67VNOO+zZM=
github.com/golang-module/carbon/v2 v2.4.1/go.mod h1:1jP9AZ4k2+lmfgY/wZgmtsN52VcHC5YuPM6varKDTkM=
github.com/google/uuid v1.5.0 h1:1p67kYwdtXjb0gL0BPiP1Av9wiZPo5A8z2cWkTZ+eyU=
github.com/google/uuid v1.5.0/go.mod h1:TIyPZe4MgqvfeYDBFedMoGGpEw/LqOeaOT+nhxU+yHo=
github.com/gouniverse/dataobject v0.3.0 h1:4m6zH8q3/Z159MrkX64gZO884SC2RE35FFzM186ohU8=
github.com/gouniverse/dataobject v0.3.0/go.mod h1:kGYa0bv14xCmkTCW2CpF9dIkh+S1N3O04c5eJY1jFqg=
github.com/gouniverse/uid v1.5.0 h1:evyGegnY7+KeYirDhJntI9xmODf8jPMQw8DlMpQIPnM=
github.com/gouniverse/uid v1.5.0/go.mod h1:06dzYTyBLOu+iRlKZ8GxzEfgDSLyoZwgKns9Fcvt7G4=
github.com/pmezard/go-difflib v1.0.0 h1:4DBwDE0NGyQoBHbLQYPwSUPoCMWR5BEzIk/f1lZbAQM=
github.com/pmezard/go-difflib v1.0.0/go.mod h1:iKH77koFhYxTK1pcRnkKkqfTogsbg7gZNVY4sRDYZ/4=
github.com/stretchr/testify v1.9.0 h1:HtqpIVDClZ4nwg75+f6Lvsy/wHu+3BoSGCbBAcpTsTg=
github.com/stretchr/testify v1.9.0/go.mod h1:r2ic/lqez/lEtzL7wO/rwa5dbSLXVDPFyf8C91i36aY=
gopkg.in/yaml.v3 v3.0.1 h1:fxVm/GzAzEWqLHuvctI91KS9hhNmmWOoWu0XTYJS7CA=
gopkg.in/yaml.v3 v3.0.1/go.mod h1:K4uyk7z7BCEPqu6E+C64Yfv1cQ7kz7rIZviUmN+EgEM=
